
Microsoft Visual Studio Solution File, Format Version 12.00
# Visual Studio Version 17
VisualStudioVersion = 17.0.31612.314
MinimumVisualStudioVersion = 10.0.40219.1
Project("{4C2C5210-F388-434C-95C6-45E371F08E94}") = "SamplePlugin", "SamplePlugin\SamplePlugin.csproj", "{AC44C777-7253-4EDE-AD2D-716D8A19E6E2}"
EndProject
Project("{FAE04EC0-301F-11D3-BF4B-00C04F79EFBC}") = "ModuleKit", "ModuleKit\ModuleKit.csproj", "{058B4D65-2C74-4FD9-BCD2-A6D5DCD13F32}"
EndProject
Global
	GlobalSection(SolutionConfigurationPlatforms) = preSolution
		Debug|x64 = Debug|x64
		Release|x64 = Release|x64
	EndGlobalSection
	GlobalSection(ProjectConfigurationPlatforms) = postSolution
		{AC44C777-7253-4EDE-AD2D-716D8A19E6E2}.Debug|x64.ActiveCfg = Debug|x64
		{AC44C777-7253-4EDE-AD2D-716D8A19E6E2}.Debug|x64.Build.0 = Debug|x64
		{AC44C777-7253-4EDE-AD2D-716D8A19E6E2}.Release|x64.ActiveCfg = Release|x64
		{AC44C777-7253-4EDE-AD2D-716D8A19E6E2}.Release|x64.Build.0 = Release|x64
		{058B4D65-2C74-4FD9-BCD2-A6D5DCD13F32}.Debug|x64.ActiveCfg = Debug|x64
		{058B4D65-2C74-4FD9-BCD2-A6D5DCD13F32}.Debug|x64.Build.0 = Debug|x64
		{058B4D65-2C74-4FD9-BCD2-A6D5DCD13F32}.Release|x64.ActiveCfg = Release|x64
		{058B4D65-2C74-4FD9-BCD2-A6D5DCD13F32}.Release|x64.Build.0 = Release|x64
	EndGlobalSection
	GlobalSection(SolutionProperties) = preSolution
		HideSolutionNode = FALSE
	EndGlobalSection
	GlobalSection(ExtensibilityGlobals) = postSolution
		SolutionGuid = {0D074EC4-5EE3-4C82-99E7-6D057F8361E1}
	EndGlobalSection
EndGlobal
